
Microsoft Visual Studio Solution File, Format Version 12.00
# Visual Studio 15
VisualStudioVersion = 15.0.28010.2003
MinimumVisualStudioVersion = 10.0.40219.1
Project("{FAE04EC0-301F-11D3-BF4B-00C04F79EFBC}") = "GUI Exercise", "GUI Exercise\GUI Exercise.csproj", "{98E76892-A32E-401D-A38D-41D777E2B80C}"
EndProject
Global
	GlobalSection(SolutionConfigurationPlatforms) = preSolution
		Debug|Any CPU = Debug|Any CPU
		Release|Any CPU = Release|Any CPU
	EndGlobalSection
	GlobalSection(ProjectConfigurationPlatforms) = postSolution
		{98E76892-A32E-401D-A38D-41D777E2B80C}.Debug|Any CPU.ActiveCfg = Debug|Any CPU
		{98E76892-A32E-401D-A38D-41D777E2B80C}.Debug|Any CPU.Build.0 = Debug|Any CPU
		{98E76892-A32E-401D-A38D-41D777E2B80C}.Release|Any CPU.ActiveCfg = Release|Any CPU
		{98E76892-A32E-401D-A38D-41D777E2B80C}.Release|Any CPU.Build.0 = Release|Any CPU
	EndGlobalSection
	GlobalSection(SolutionProperties) = preSolution
		HideSolutionNode = FALSE
	EndGlobalSection
	GlobalSection(ExtensibilityGlobals) = postSolution
		SolutionGuid = {EC86363D-8984-48F9-81A9-4DBC83E74ED6}
	EndGlobalSection
EndGlobal
